
Microsoft Visual Studio Solution File, Format Version 12.00
# Visual Studio 2013
VisualStudioVersion = 12.0.21005.1
MinimumVisualStudioVersion = 10.0.40219.1
Project("{8BC9CEB8-8B4A-11D0-8D11-00A0C91BC942}") = "编写程序数一下1到 100 的所有整数中出现多少个数字9", "编写程序数一下1到 100 的所有整数中出现多少个数字9\编写程序数一下1到 100 的所有整数中出现多少个数字9.vcxproj", "{1D234DB3-1F75-4D34-AADC-AAFC276154F1}"
EndProject
Global
	GlobalSection(SolutionConfigurationPlatforms) = preSolution
		Debug|Win32 = Debug|Win32
		Release|Win32 = Release|Win32
	EndGlobalSection
	GlobalSection(ProjectConfigurationPlatforms) = postSolution
		{1D234DB3-1F75-4D34-AADC-AAFC276154F1}.Debug|Win32.ActiveCfg = Debug|Win32
		{1D234DB3-1F75-4D34-AADC-AAFC276154F1}.Debug|Win32.Build.0 = Debug|Win32
		{1D234DB3-1F75-4D34-AADC-AAFC276154F1}.Release|Win32.ActiveCfg = Release|Win32
		{1D234DB3-1F75-4D34-AADC-AAFC276154F1}.Release|Win32.Build.0 = Release|Win32
	EndGlobalSection
	GlobalSection(SolutionProperties) = preSolution
		HideSolutionNode = FALSE
	EndGlobalSection
EndGlobal
