
Microsoft Visual Studio Solution File, Format Version 12.00
# Visual Studio 2013
VisualStudioVersion = 12.0.21005.1
MinimumVisualStudioVersion = 10.0.40219.1
Project("{8BC9CEB8-8B4A-11D0-8D11-00A0C91BC942}") = "编写一个函数实现n^k，使用递归实现", "编写一个函数实现n^k，使用递归实现\编写一个函数实现n^k，使用递归实现.vcxproj", "{A3CCDE74-6D87-4274-A024-6335BE1EE736}"
EndProject
Global
	GlobalSection(SolutionConfigurationPlatforms) = preSolution
		Debug|Win32 = Debug|Win32
		Release|Win32 = Release|Win32
	EndGlobalSection
	GlobalSection(ProjectConfigurationPlatforms) = postSolution
		{A3CCDE74-6D87-4274-A024-6335BE1EE736}.Debug|Win32.ActiveCfg = Debug|Win32
		{A3CCDE74-6D87-4274-A024-6335BE1EE736}.Debug|Win32.Build.0 = Debug|Win32
		{A3CCDE74-6D87-4274-A024-6335BE1EE736}.Release|Win32.ActiveCfg = Release|Win32
		{A3CCDE74-6D87-4274-A024-6335BE1EE736}.Release|Win32.Build.0 = Release|Win32
	EndGlobalSection
	GlobalSection(SolutionProperties) = preSolution
		HideSolutionNode = FALSE
	EndGlobalSection
EndGlobal
