
Microsoft Visual Studio Solution File, Format Version 12.00
# Visual Studio 2013
VisualStudioVersion = 12.0.21005.1
MinimumVisualStudioVersion = 10.0.40219.1
Project("{8BC9CEB8-8B4A-11D0-8D11-00A0C91BC942}") = "判断一个字符串是否为另外一个字符串旋转之后的字符串", "判断一个字符串是否为另外一个字符串旋转之后的字符串\判断一个字符串是否为另外一个字符串旋转之后的字符串.vcxproj", "{A0DAAE26-F499-47EA-B606-A5F96A513271}"
EndProject
Global
	GlobalSection(SolutionConfigurationPlatforms) = preSolution
		Debug|Win32 = Debug|Win32
		Release|Win32 = Release|Win32
	EndGlobalSection
	GlobalSection(ProjectConfigurationPlatforms) = postSolution
		{A0DAAE26-F499-47EA-B606-A5F96A513271}.Debug|Win32.ActiveCfg = Debug|Win32
		{A0DAAE26-F499-47EA-B606-A5F96A513271}.Debug|Win32.Build.0 = Debug|Win32
		{A0DAAE26-F499-47EA-B606-A5F96A513271}.Release|Win32.ActiveCfg = Release|Win32
		{A0DAAE26-F499-47EA-B606-A5F96A513271}.Release|Win32.Build.0 = Release|Win32
	EndGlobalSection
	GlobalSection(SolutionProperties) = preSolution
		HideSolutionNode = FALSE
	EndGlobalSection
EndGlobal
