
Microsoft Visual Studio Solution File, Format Version 12.00
# Visual Studio 2013
VisualStudioVersion = 12.0.21005.1
MinimumVisualStudioVersion = 10.0.40219.1
Project("{8BC9CEB8-8B4A-11D0-8D11-00A0C91BC942}") = "获取一个数二进制序列中所有的偶数位和奇数位", "获取一个数二进制序列中所有的偶数位和奇数位\获取一个数二进制序列中所有的偶数位和奇数位.vcxproj", "{BF6F533E-B460-408A-B393-8F9ECF5CF349}"
EndProject
Global
	GlobalSection(SolutionConfigurationPlatforms) = preSolution
		Debug|Win32 = Debug|Win32
		Release|Win32 = Release|Win32
	EndGlobalSection
	GlobalSection(ProjectConfigurationPlatforms) = postSolution
		{BF6F533E-B460-408A-B393-8F9ECF5CF349}.Debug|Win32.ActiveCfg = Debug|Win32
		{BF6F533E-B460-408A-B393-8F9ECF5CF349}.Debug|Win32.Build.0 = Debug|Win32
		{BF6F533E-B460-408A-B393-8F9ECF5CF349}.Release|Win32.ActiveCfg = Release|Win32
		{BF6F533E-B460-408A-B393-8F9ECF5CF349}.Release|Win32.Build.0 = Release|Win32
	EndGlobalSection
	GlobalSection(SolutionProperties) = preSolution
		HideSolutionNode = FALSE
	EndGlobalSection
EndGlobal
